
Microsoft Visual Studio Solution File, Format Version 12.00
# Visual Studio Version 17
VisualStudioVersion = 17.12.35527.113 d17.12
MinimumVisualStudioVersion = 10.0.40219.1
Project("{FAE04EC0-301F-11D3-BF4B-00C04F79EFBC}") = "RacingGame", "RacingGame\RacingGame.csproj", "{EF941A4D-A550-4EF8-955D-445C63AF1202}"
EndProject
Global
	GlobalSection(SolutionConfigurationPlatforms) = preSolution
		Debug|Any CPU = Debug|Any CPU
		Release|Any CPU = Release|Any CPU
	EndGlobalSection
	GlobalSection(ProjectConfigurationPlatforms) = postSolution
		{EF941A4D-A550-4EF8-955D-445C63AF1202}.Debug|Any CPU.ActiveCfg = Debug|Any CPU
		{EF941A4D-A550-4EF8-955D-445C63AF1202}.Debug|Any CPU.Build.0 = Debug|Any CPU
		{EF941A4D-A550-4EF8-955D-445C63AF1202}.Release|Any CPU.ActiveCfg = Release|Any CPU
		{EF941A4D-A550-4EF8-955D-445C63AF1202}.Release|Any CPU.Build.0 = Release|Any CPU
	EndGlobalSection
	GlobalSection(SolutionProperties) = preSolution
		HideSolutionNode = FALSE
	EndGlobalSection
EndGlobal
