
Microsoft Visual Studio Solution File, Format Version 12.00
# Visual Studio Version 17
VisualStudioVersion = 17.12.35527.113 d17.12
MinimumVisualStudioVersion = 10.0.40219.1
Project("{FAE04EC0-301F-11D3-BF4B-00C04F79EFBC}") = "pooMensagem", "pooMensagem\pooMensagem.csproj", "{13129AC6-1F6A-4259-9640-40F8E966A61A}"
EndProject
Global
	GlobalSection(SolutionConfigurationPlatforms) = preSolution
		Debug|Any CPU = Debug|Any CPU
		Release|Any CPU = Release|Any CPU
	EndGlobalSection
	GlobalSection(ProjectConfigurationPlatforms) = postSolution
		{13129AC6-1F6A-4259-9640-40F8E966A61A}.Debug|Any CPU.ActiveCfg = Debug|Any CPU
		{13129AC6-1F6A-4259-9640-40F8E966A61A}.Debug|Any CPU.Build.0 = Debug|Any CPU
		{13129AC6-1F6A-4259-9640-40F8E966A61A}.Release|Any CPU.ActiveCfg = Release|Any CPU
		{13129AC6-1F6A-4259-9640-40F8E966A61A}.Release|Any CPU.Build.0 = Release|Any CPU
	EndGlobalSection
	GlobalSection(SolutionProperties) = preSolution
		HideSolutionNode = FALSE
	EndGlobalSection
EndGlobal
