
Microsoft Visual Studio Solution File, Format Version 12.00
# Visual Studio Version 17
VisualStudioVersion = 17.12.35527.113 d17.12
MinimumVisualStudioVersion = 10.0.40219.1
Project("{FAE04EC0-301F-11D3-BF4B-00C04F79EFBC}") = "exemploENUM", "exemploENUM\exemploENUM.csproj", "{EE236514-D0B3-43F7-8882-F6A517C36131}"
EndProject
Global
	GlobalSection(SolutionConfigurationPlatforms) = preSolution
		Debug|Any CPU = Debug|Any CPU
		Release|Any CPU = Release|Any CPU
	EndGlobalSection
	GlobalSection(ProjectConfigurationPlatforms) = postSolution
		{EE236514-D0B3-43F7-8882-F6A517C36131}.Debug|Any CPU.ActiveCfg = Debug|Any CPU
		{EE236514-D0B3-43F7-8882-F6A517C36131}.Debug|Any CPU.Build.0 = Debug|Any CPU
		{EE236514-D0B3-43F7-8882-F6A517C36131}.Release|Any CPU.ActiveCfg = Release|Any CPU
		{EE236514-D0B3-43F7-8882-F6A517C36131}.Release|Any CPU.Build.0 = Release|Any CPU
	EndGlobalSection
	GlobalSection(SolutionProperties) = preSolution
		HideSolutionNode = FALSE
	EndGlobalSection
EndGlobal
